
Microsoft Visual Studio Solution File, Format Version 12.00
# Visual Studio 2012
Project("{FAE04EC0-301F-11D3-BF4B-00C04F79EFBC}") = "Interfaces", "Interfaces\Interfaces.csproj", "{3BB81932-8CBE-4408-9031-A2D41F9BC46F}"
EndProject
Project("{FAE04EC0-301F-11D3-BF4B-00C04F79EFBC}") = "Entity", "Entity\Entity.csproj", "{99CF47AD-7554-4BC1-8FE8-500F97246196}"
EndProject
Project("{FAE04EC0-301F-11D3-BF4B-00C04F79EFBC}") = "Repository", "Repository\Repository.csproj", "{3F33D6F3-FD94-44E4-A3DE-B4ACDB28F879}"
EndProject
Project("{FAE04EC0-301F-11D3-BF4B-00C04F79EFBC}") = "ApplicationLayer", "ApplicationLayer\ApplicationLayer.csproj", "{389AC04A-7049-4A0B-8E17-4305DCFBE518}"
EndProject
Global
	GlobalSection(SolutionConfigurationPlatforms) = preSolution
		Debug|Any CPU = Debug|Any CPU
		Release|Any CPU = Release|Any CPU
	EndGlobalSection
	GlobalSection(ProjectConfigurationPlatforms) = postSolution
		{3BB81932-8CBE-4408-9031-A2D41F9BC46F}.Debug|Any CPU.ActiveCfg = Debug|Any CPU
		{3BB81932-8CBE-4408-9031-A2D41F9BC46F}.Debug|Any CPU.Build.0 = Debug|Any CPU
		{3BB81932-8CBE-4408-9031-A2D41F9BC46F}.Release|Any CPU.ActiveCfg = Release|Any CPU
		{3BB81932-8CBE-4408-9031-A2D41F9BC46F}.Release|Any CPU.Build.0 = Release|Any CPU
		{99CF47AD-7554-4BC1-8FE8-500F97246196}.Debug|Any CPU.ActiveCfg = Debug|Any CPU
		{99CF47AD-7554-4BC1-8FE8-500F97246196}.Debug|Any CPU.Build.0 = Debug|Any CPU
		{99CF47AD-7554-4BC1-8FE8-500F97246196}.Release|Any CPU.ActiveCfg = Release|Any CPU
		{99CF47AD-7554-4BC1-8FE8-500F97246196}.Release|Any CPU.Build.0 = Release|Any CPU
		{3F33D6F3-FD94-44E4-A3DE-B4ACDB28F879}.Debug|Any CPU.ActiveCfg = Debug|Any CPU
		{3F33D6F3-FD94-44E4-A3DE-B4ACDB28F879}.Debug|Any CPU.Build.0 = Debug|Any CPU
		{3F33D6F3-FD94-44E4-A3DE-B4ACDB28F879}.Release|Any CPU.ActiveCfg = Release|Any CPU
		{3F33D6F3-FD94-44E4-A3DE-B4ACDB28F879}.Release|Any CPU.Build.0 = Release|Any CPU
		{389AC04A-7049-4A0B-8E17-4305DCFBE518}.Debug|Any CPU.ActiveCfg = Debug|Any CPU
		{389AC04A-7049-4A0B-8E17-4305DCFBE518}.Debug|Any CPU.Build.0 = Debug|Any CPU
		{389AC04A-7049-4A0B-8E17-4305DCFBE518}.Release|Any CPU.ActiveCfg = Release|Any CPU
		{389AC04A-7049-4A0B-8E17-4305DCFBE518}.Release|Any CPU.Build.0 = Release|Any CPU
	EndGlobalSection
	GlobalSection(SolutionProperties) = preSolution
		HideSolutionNode = FALSE
	EndGlobalSection
EndGlobal
